// !$*UTF8*$!
{
	archiveVersion = 1;
	classes = {
	};
	objectVersion = 55;
	objects = {

/* Begin PBXBuildFile section */
		29B5B8A128B4816400FD4088 /* morokoshi_seiko_appApp.swift in Sources */ = {isa = PBXBuildFile; fileRef = 29B5B8A028B4816400FD4088 /* morokoshi_seiko_appApp.swift */; };
		29B5B8A328B4816400FD4088 /* ContentView.swift in Sources */ = {isa = PBXBuildFile; fileRef = 29B5B8A228B4816400FD4088 /* ContentView.swift */; };
		29B5B8A528B4816700FD4088 /* Assets.xcassets in Resources */ = {isa = PBXBuildFile; fileRef = 29B5B8A428B4816700FD4088 /* Assets.xcassets */; };
		29B5B8A828B4816700FD4088 /* Preview Assets.xcassets in Resources */ = {isa = PBXBuildFile; fileRef = 29B5B8A728B4816700FD4088 /* Preview Assets.xcassets */; };
		29B5B8B228B4816700FD4088 /* morokoshi_seiko_appTests.swift in Sources */ = {isa = PBXBuildFile; fileRef = 29B5B8B128B4816700FD4088 /* morokoshi_seiko_appTests.swift */; };
		29B5B8BC28B4816700FD4088 /* morokoshi_seiko_appUITests.swift in Sources */ = {isa = PBXBuildFile; fileRef = 29B5B8BB28B4816700FD4088 /* morokoshi_seiko_appUITests.swift */; };
		29B5B8BE28B4816700FD4088 /* morokoshi_seiko_appUITestsLaunchTests.swift in Sources */ = {isa = PBXBuildFile; fileRef = 29B5B8BD28B4816700FD4088 /* morokoshi_seiko_appUITestsLaunchTests.swift */; };
/* End PBXBuildFile section */

/* Begin PBXContainerItemProxy section */
		29B5B8AE28B4816700FD4088 /* PBXContainerItemProxy */ = {
			isa = PBXContainerItemProxy;
			containerPortal = 29B5B89528B4816400FD4088 /* Project object */;
			proxyType = 1;
			remoteGlobalIDString = 29B5B89C28B4816400FD4088;
			remoteInfo = morokoshi_seiko_app;
		};
		29B5B8B828B4816700FD4088 /* PBXContainerItemProxy */ = {
			isa = PBXContainerItemProxy;
			containerPortal = 29B5B89528B4816400FD4088 /* Project object */;
			proxyType = 1;
			remoteGlobalIDString = 29B5B89C28B4816400FD4088;
			remoteInfo = morokoshi_seiko_app;
		};
/* End PBXContainerItemProxy section */

/* Begin PBXFileReference section */
		29B5B89D28B4816400FD4088 /* morokoshi_seiko_app.app */ = {isa = PBXFileReference; explicitFileType = wrapper.application; includeInIndex = 0; path = morokoshi_seiko_app.app; sourceTree = BUILT_PRODUCTS_DIR; };
		29B5B8A028B4816400FD4088 /* morokoshi_seiko_appApp.swift */ = {isa = PBXFileReference; lastKnownFileType = sourcecode.swift; path = morokoshi_seiko_appApp.swift; sourceTree = "<group>"; };
		29B5B8A228B4816400FD4088 /* ContentView.swift */ = {isa = PBXFileReference; lastKnownFileType = sourcecode.swift; path = ContentView.swift; sourceTree = "<group>"; };
		29B5B8A428B4816700FD4088 /* Assets.xcassets */ = {isa = PBXFileReference; lastKnownFileType = folder.assetcatalog; path = Assets.xcassets; sourceTree = "<group>"; };
		29B5B8A728B4816700FD4088 /* Preview Assets.xcassets */ = {isa = PBXFileReference; lastKnownFileType = folder.assetcatalog; path = "Preview Assets.xcassets"; sourceTree = "<group>"; };
		29B5B8AD28B4816700FD4088 /* morokoshi_seiko_appTests.xctest */ = {isa = PBXFileReference; explicitFileType = wrapper.cfbundle; includeInIndex = 0; path = morokoshi_seiko_appTests.xctest; sourceTree = BUILT_PRODUCTS_DIR; };
		29B5B8B128B4816700FD4088 /* morokoshi_seiko_appTests.swift */ = {isa = PBXFileReference; lastKnownFileType = sourcecode.swift; path = morokoshi_seiko_appTests.swift; sourceTree = "<group>"; };
		29B5B8B728B4816700FD4088 /* morokoshi_seiko_appUITests.xctest */ = {isa = PBXFileReference; explicitFileType = wrapper.cfbundle; includeInIndex = 0; path = morokoshi_seiko_appUITests.xctest; sourceTree = BUILT_PRODUCTS_DIR; };
		29B5B8BB28B4816700FD4088 /* morokoshi_seiko_appUITests.swift */ = {isa = PBXFileReference; lastKnownFileType = sourcecode.swift; path = morokoshi_seiko_appUITests.swift; sourceTree = "<group>"; };
		29B5B8BD28B4816700FD4088 /* morokoshi_seiko_appUITestsLaunchTests.swift */ = {isa = PBXFileReference; lastKnownFileType = sourcecode.swift; path = morokoshi_seiko_appUITestsLaunchTests.swift; sourceTree = "<group>"; };
/* End PBXFileReference section */

/* Begin PBXFrameworksBuildPhase section */
		29B5B89A28B4816400FD4088 /* Frameworks */ = {
			isa = PBXFrameworksBuildPhase;
			buildActionMask = 2147483647;
			files = (
			);
			runOnlyForDeploymentPostprocessing = 0;
		};
		29B5B8AA28B4816700FD4088 /* Frameworks */ = {
			isa = PBXFrameworksBuildPhase;
			buildActionMask = 2147483647;
			files = (
			);
			runOnlyForDeploymentPostprocessing = 0;
		};
		29B5B8B428B4816700FD4088 /* Frameworks */ = {
			isa = PBXFrameworksBuildPhase;
			buildActionMask = 2147483647;
			files = (
			);
			runOnlyForDeploymentPostprocessing = 0;
		};
/* End PBXFrameworksBuildPhase section */

/* Begin PBXGroup section */
		29B5B89428B4816400FD4088 = {
			isa = PBXGroup;
			children = (
				29B5B89F28B4816400FD4088 /* morokoshi_seiko_app */,
				29B5B8B028B4816700FD4088 /* morokoshi_seiko_appTests */,
				29B5B8BA28B4816700FD4088 /* morokoshi_seiko_appUITests */,
				29B5B89E28B4816400FD4088 /* Products */,
			);
			sourceTree = "<group>";
		};
		29B5B89E28B4816400FD4088 /* Products */ = {
			isa = PBXGroup;
			children = (
				29B5B89D28B4816400FD4088 /* morokoshi_seiko_app.app */,
				29B5B8AD28B4816700FD4088 /* morokoshi_seiko_appTests.xctest */,
				29B5B8B728B4816700FD4088 /* morokoshi_seiko_appUITests.xctest */,
			);
			name = Products;
			sourceTree = "<group>";
		};
		29B5B89F28B4816400FD4088 /* morokoshi_seiko_app */ = {
			isa = PBXGroup;
			children = (
				29B5B8A028B4816400FD4088 /* morokoshi_seiko_appApp.swift */,
				29B5B8A228B4816400FD4088 /* ContentView.swift */,
				29B5B8A428B4816700FD4088 /* Assets.xcassets */,
				29B5B8A628B4816700FD4088 /* Preview Content */,
			);
			path = morokoshi_seiko_app;
			sourceTree = "<group>";
		};
		29B5B8A628B4816700FD4088 /* Preview Content */ = {
			isa = PBXGroup;
			children = (
				29B5B8A728B4816700FD4088 /* Preview Assets.xcassets */,
			);
			path = "Preview Content";
			sourceTree = "<group>";
		};
		29B5B8B028B4816700FD4088 /* morokoshi_seiko_appTests */ = {
			isa = PBXGroup;
			children = (
				29B5B8B128B4816700FD4088 /* morokoshi_seiko_appTests.swift */,
			);
			path = morokoshi_seiko_appTests;
			sourceTree = "<group>";
		};
		29B5B8BA28B4816700FD4088 /* morokoshi_seiko_appUITests */ = {
			isa = PBXGroup;
			children = (
				29B5B8BB28B4816700FD4088 /* morokoshi_seiko_appUITests.swift */,
				29B5B8BD28B4816700FD4088 /* morokoshi_seiko_appUITestsLaunchTests.swift */,
			);
			path = morokoshi_seiko_appUITests;
			sourceTree = "<group>";
		};
/* End PBXGroup section */

/* Begin PBXNativeTarget section */
		29B5B89C28B4816400FD4088 /* morokoshi_seiko_app */ = {
			isa = PBXNativeTarget;
			buildConfigurationList = 29B5B8C128B4816700FD4088 /* Build configuration list for PBXNativeTarget "morokoshi_seiko_app" */;
			buildPhases = (
				29B5B89928B4816400FD4088 /* Sources */,
				29B5B89A28B4816400FD4088 /* Frameworks */,
				29B5B89B28B4816400FD4088 /* Resources */,
			);
			buildRules = (
			);
			dependencies = (
			);
			name = morokoshi_seiko_app;
			productName = morokoshi_seiko_app;
			productReference = 29B5B89D28B4816400FD4088 /* morokoshi_seiko_app.app */;
			productType = "com.apple.product-type.application";
		};
		29B5B8AC28B4816700FD4088 /* morokoshi_seiko_appTests */ = {
			isa = PBXNativeTarget;
			buildConfigurationList = 29B5B8C428B4816700FD4088 /* Build configuration list for PBXNativeTarget "morokoshi_seiko_appTests" */;
			buildPhases = (
				29B5B8A928B4816700FD4088 /* Sources */,
				29B5B8AA28B4816700FD4088 /* Frameworks */,
				29B5B8AB28B4816700FD4088 /* Resources */,
			);
			buildRules = (
			);
			dependencies = (
				29B5B8AF28B4816700FD4088 /* PBXTargetDependency */,
			);
			name = morokoshi_seiko_appTests;
			productName = morokoshi_seiko_appTests;
			productReference = 29B5B8AD28B4816700FD4088 /* morokoshi_seiko_appTests.xctest */;
			productType = "com.apple.product-type.bundle.unit-test";
		};
		29B5B8B628B4816700FD4088 /* morokoshi_seiko_appUITests */ = {
			isa = PBXNativeTarget;
			buildConfigurationList = 29B5B8C728B4816700FD4088 /* Build configuration list for PBXNativeTarget "morokoshi_seiko_appUITests" */;
			buildPhases = (
				29B5B8B328B4816700FD4088 /* Sources */,
				29B5B8B428B4816700FD4088 /* Frameworks */,
				29B5B8B528B4816700FD4088 /* Resources */,
			);
			buildRules = (
			);
			dependencies = (
				29B5B8B928B4816700FD4088 /* PBXTargetDependency */,
			);
			name = morokoshi_seiko_appUITests;
			productName = morokoshi_seiko_appUITests;
			productReference = 29B5B8B728B4816700FD4088 /* morokoshi_seiko_appUITests.xctest */;
			productType = "com.apple.product-type.bundle.ui-testing";
		};
/* End PBXNativeTarget section */

/* Begin PBXProject section */
		29B5B89528B4816400FD4088 /* Project object */ = {
			isa = PBXProject;
			attributes = {
				BuildIndependentTargetsInParallel = 1;
				LastSwiftUpdateCheck = 1330;
				LastUpgradeCheck = 1330;
				TargetAttributes = {
					29B5B89C28B4816400FD4088 = {
						CreatedOnToolsVersion = 13.3;
					};
					29B5B8AC28B4816700FD4088 = {
						CreatedOnToolsVersion = 13.3;
						TestTargetID = 29B5B89C28B4816400FD4088;
					};
					29B5B8B628B4816700FD4088 = {
						CreatedOnToolsVersion = 13.3;
						TestTargetID = 29B5B89C28B4816400FD4088;
					};
				};
			};
			buildConfigurationList = 29B5B89828B4816400FD4088 /* Build configuration list for PBXProject "morokoshi_seiko_app" */;
			compatibilityVersion = "Xcode 13.0";
			developmentRegion = en;
			hasScannedForEncodings = 0;
			knownRegions = (
				en,
				Base,
			);
			mainGroup = 29B5B89428B4816400FD4088;
			productRefGroup = 29B5B89E28B4816400FD4088 /* Products */;
			projectDirPath = "";
			projectRoot = "";
			targets = (
				29B5B89C28B4816400FD4088 /* morokoshi_seiko_app */,
				29B5B8AC28B4816700FD4088 /* morokoshi_seiko_appTests */,
				29B5B8B628B4816700FD4088 /* morokoshi_seiko_appUITests */,
			);
		};
/* End PBXProject section */

/* Begin PBXResourcesBuildPhase section */
		29B5B89B28B4816400FD4088 /* Resources */ = {
			isa = PBXResourcesBuildPhase;
			buildActionMask = 2147483647;
			files = (
				29B5B8A828B4816700FD4088 /* Preview Assets.xcassets in Resources */,
				29B5B8A528B4816700FD4088 /* Assets.xcassets in Resources */,
			);
			runOnlyForDeploymentPostprocessing = 0;
		};
		29B5B8AB28B4816700FD4088 /* Resources */ = {
			isa = PBXResourcesBuildPhase;
			buildActionMask = 2147483647;
			files = (
			);
			runOnlyForDeploymentPostprocessing = 0;
		};
		29B5B8B528B4816700FD4088 /* Resources */ = {
			isa = PBXResourcesBuildPhase;
			buildActionMask = 2147483647;
			files = (
			);
			runOnlyForDeploymentPostprocessing = 0;
		};
/* End PBXResourcesBuildPhase section */

/* Begin PBXSourcesBuildPhase section */
		29B5B89928B4816400FD4088 /* Sources */ = {
			isa = PBXSourcesBuildPhase;
			buildActionMask = 2147483647;
			files = (
				29B5B8A328B4816400FD4088 /* ContentView.swift in Sources */,
				29B5B8A128B4816400FD4088 /* morokoshi_seiko_appApp.swift in Sources */,
			);
			runOnlyForDeploymentPostprocessing = 0;
		};
		29B5B8A928B4816700FD4088 /* Sources */ = {
			isa = PBXSourcesBuildPhase;
			buildActionMask = 2147483647;
			files = (
				29B5B8B228B4816700FD4088 /* morokoshi_seiko_appTests.swift in Sources */,
			);
			runOnlyForDeploymentPostprocessing = 0;
		};
		29B5B8B328B4816700FD4088 /* Sources */ = {
			isa = PBXSourcesBuildPhase;
			buildActionMask = 2147483647;
			files = (
				29B5B8BE28B4816700FD4088 /* morokoshi_seiko_appUITestsLaunchTests.swift in Sources */,
				29B5B8BC28B4816700FD4088 /* morokoshi_seiko_appUITests.swift in Sources */,
			);
			runOnlyForDeploymentPostprocessing = 0;
		};
/* End PBXSourcesBuildPhase section */

/* Begin PBXTargetDependency section */
		29B5B8AF28B4816700FD4088 /* PBXTargetDependency */ = {
			isa = PBXTargetDependency;
			target = 29B5B89C28B4816400FD4088 /* morokoshi_seiko_app */;
			targetProxy = 29B5B8AE28B4816700FD4088 /* PBXContainerItemProxy */;
		};
		29B5B8B928B4816700FD4088 /* PBXTargetDependency */ = {
			isa = PBXTargetDependency;
			target = 29B5B89C28B4816400FD4088 /* morokoshi_seiko_app */;
			targetProxy = 29B5B8B828B4816700FD4088 /* PBXContainerItemProxy */;
		};
/* End PBXTargetDependency section */

/* Begin XCBuildConfiguration section */
		29B5B8BF28B4816700FD4088 /* Debug */ = {
			isa = XCBuildConfiguration;
			buildSettings = {
				ALWAYS_SEARCH_USER_PATHS = NO;
				CLANG_ANALYZER_NONNULL = YES;
				CLANG_ANALYZER_NUMBER_OBJECT_CONVERSION = YES_AGGRESSIVE;
				CLANG_CXX_LANGUAGE_STANDARD = "gnu++17";
				CLANG_ENABLE_MODULES = YES;
				CLANG_ENABLE_OBJC_ARC = YES;
				CLANG_ENABLE_OBJC_WEAK = YES;
				CLANG_WARN_BLOCK_CAPTURE_AUTORELEASING = YES;
				CLANG_WARN_BOOL_CONVERSION = YES;
				CLANG_WARN_COMMA = YES;
				CLANG_WARN_CONSTANT_CONVERSION = YES;
				CLANG_WARN_DEPRECATED_OBJC_IMPLEMENTATIONS = YES;
				CLANG_WARN_DIRECT_OBJC_ISA_USAGE = YES_ERROR;
				CLANG_WARN_DOCUMENTATION_COMMENTS = YES;
				CLANG_WARN_EMPTY_BODY = YES;
				CLANG_WARN_ENUM_CONVERSION = YES;
				CLANG_WARN_INFINITE_RECURSION = YES;
				CLANG_WARN_INT_CONVERSION = YES;
				CLANG_WARN_NON_LITERAL_NULL_CONVERSION = YES;
				CLANG_WARN_OBJC_IMPLICIT_RETAIN_SELF = YES;
				CLANG_WARN_OBJC_LITERAL_CONVERSION = YES;
				CLANG_WARN_OBJC_ROOT_CLASS = YES_ERROR;
				CLANG_WARN_QUOTED_INCLUDE_IN_FRAMEWORK_HEADER = YES;
				CLANG_WARN_RANGE_LOOP_ANALYSIS = YES;
				CLANG_WARN_STRICT_PROTOTYPES = YES;
				CLANG_WARN_SUSPICIOUS_MOVE = YES;
				CLANG_WARN_UNGUARDED_AVAILABILITY = YES_AGGRESSIVE;
				CLANG_WARN_UNREACHABLE_CODE = YES;
				CLANG_WARN__DUPLICATE_METHOD_MATCH = YES;
				COPY_PHASE_STRIP = NO;
				DEBUG_INFORMATION_FORMAT = dwarf;
				ENABLE_STRICT_OBJC_MSGSEND = YES;
				ENABLE_TESTABILITY = YES;
				GCC_C_LANGUAGE_STANDARD = gnu11;
				GCC_DYNAMIC_NO_PIC = NO;
				GCC_NO_COMMON_BLOCKS = YES;
				GCC_OPTIMIZATION_LEVEL = 0;
				GCC_PREPROCESSOR_DEFINITIONS = (
					"DEBUG=1",
					"$(inherited)",
				);
				GCC_WARN_64_TO_32_BIT_CONVERSION = YES;
				GCC_WARN_ABOUT_RETURN_TYPE = YES_ERROR;
				GCC_WARN_UNDECLARED_SELECTOR = YES;
				GCC_WARN_UNINITIALIZED_AUTOS = YES_AGGRESSIVE;
				GCC_WARN_UNUSED_FUNCTION = YES;
				GCC_WARN_UNUSED_VARIABLE = YES;
				IPHONEOS_DEPLOYMENT_TARGET = 15.4;
				MTL_ENABLE_DEBUG_INFO = INCLUDE_SOURCE;
				MTL_FAST_MATH = YES;
				ONLY_ACTIVE_ARCH = YES;
				SDKROOT = iphoneos;
				SWIFT_ACTIVE_COMPILATION_CONDITIONS = DEBUG;
				SWIFT_OPTIMIZATION_LEVEL = "-Onone";
			};
			name = Debug;
		};
		29B5B8C028B4816700FD4088 /* Release */ = {
			isa = XCBuildConfiguration;
			buildSettings = {
				ALWAYS_SEARCH_USER_PATHS = NO;
				CLANG_ANALYZER_NONNULL = YES;
				CLANG_ANALYZER_NUMBER_OBJECT_CONVERSION = YES_AGGRESSIVE;
				CLANG_CXX_LANGUAGE_STANDARD = "gnu++17";
				CLANG_ENABLE_MODULES = YES;
				CLANG_ENABLE_OBJC_ARC = YES;
				CLANG_ENABLE_OBJC_WEAK = YES;
				CLANG_WARN_BLOCK_CAPTURE_AUTORELEASING = YES;
				CLANG_WARN_BOOL_CONVERSION = YES;
				CLANG_WARN_COMMA = YES;
				CLANG_WARN_CONSTANT_CONVERSION = YES;
				CLANG_WARN_DEPRECATED_OBJC_IMPLEMENTATIONS = YES;
				CLANG_WARN_DIRECT_OBJC_ISA_USAGE = YES_ERROR;
				CLANG_WARN_DOCUMENTATION_COMMENTS = YES;
				CLANG_WARN_EMPTY_BODY = YES;
				CLANG_WARN_ENUM_CONVERSION = YES;
				CLANG_WARN_INFINITE_RECURSION = YES;
				CLANG_WARN_INT_CONVERSION = YES;
				CLANG_WARN_NON_LITERAL_NULL_CONVERSION = YES;
				CLANG_WARN_OBJC_IMPLICIT_RETAIN_SELF = YES;
				CLANG_WARN_OBJC_LITERAL_CONVERSION = YES;
				CLANG_WARN_OBJC_ROOT_CLASS = YES_ERROR;
				CLANG_WARN_QUOTED_INCLUDE_IN_FRAMEWORK_HEADER = YES;
				CLANG_WARN_RANGE_LOOP_ANALYSIS = YES;
				CLANG_WARN_STRICT_PROTOTYPES = YES;
				CLANG_WARN_SUSPICIOUS_MOVE = YES;
				CLANG_WARN_UNGUARDED_AVAILABILITY = YES_AGGRESSIVE;
				CLANG_WARN_UNREACHABLE_CODE = YES;
				CLANG_WARN__DUPLICATE_METHOD_MATCH = YES;
				COPY_PHASE_STRIP = NO;
				DEBUG_INFORMATION_FORMAT = "dwarf-with-dsym";
				ENABLE_NS_ASSERTIONS = NO;
				ENABLE_STRICT_OBJC_MSGSEND = YES;
				GCC_C_LANGUAGE_STANDARD = gnu11;
				GCC_NO_COMMON_BLOCKS = YES;
				GCC_WARN_64_TO_32_BIT_CONVERSION = YES;
				GCC_WARN_ABOUT_RETURN_TYPE = YES_ERROR;
				GCC_WARN_UNDECLARED_SELECTOR = YES;
				GCC_WARN_UNINITIALIZED_AUTOS = YES_AGGRESSIVE;
				GCC_WARN_UNUSED_FUNCTION = YES;
				GCC_WARN_UNUSED_VARIABLE = YES;
				IPHONEOS_DEPLOYMENT_TARGET = 15.4;
				MTL_ENABLE_DEBUG_INFO = NO;
				MTL_FAST_MATH = YES;
				SDKROOT = iphoneos;
				SWIFT_COMPILATION_MODE = wholemodule;
				SWIFT_OPTIMIZATION_LEVEL = "-O";
				VALIDATE_PRODUCT = YES;
			};
			name = Release;
		};
		29B5B8C228B4816700FD4088 /* Debug */ = {
			isa = XCBuildConfiguration;
			buildSettings = {
				ASSETCATALOG_COMPILER_APPICON_NAME = AppIcon;
				ASSETCATALOG_COMPILER_GLOBAL_ACCENT_COLOR_NAME = AccentColor;
				CODE_SIGN_STYLE = Automatic;
				CURRENT_PROJECT_VERSION = 1;
				DEVELOPMENT_ASSET_PATHS = "\"morokoshi_seiko_app/Preview Content\"";
				ENABLE_PREVIEWS = YES;
				GENERATE_INFOPLIST_FILE = YES;
				INFOPLIST_KEY_UIApplicationSceneManifest_Generation = YES;
				INFOPLIST_KEY_UIApplicationSupportsIndirectInputEvents = YES;
				INFOPLIST_KEY_UILaunchScreen_Generation = YES;
				INFOPLIST_KEY_UISupportedInterfaceOrientations_iPad = "UIInterfaceOrientationPortrait UIInterfaceOrientationPortraitUpsideDown UIInterfaceOrientationLandscapeLeft UIInterfaceOrientationLandscapeRight";
				INFOPLIST_KEY_UISupportedInterfaceOrientations_iPhone = "UIInterfaceOrientationPortrait UIInterfaceOrientationLandscapeLeft UIInterfaceOrientationLandscapeRight";
				LD_RUNPATH_SEARCH_PATHS = (
					"$(inherited)",
					"@executable_path/Frameworks",
				);
				MARKETING_VERSION = 1.0;
				PRODUCT_BUNDLE_IDENTIFIER = "com.example.morokoshi-seiko-app";
				PRODUCT_NAME = "$(TARGET_NAME)";
				SWIFT_EMIT_LOC_STRINGS = YES;
				SWIFT_VERSION = 5.0;
				TARGETED_DEVICE_FAMILY = "1,2";
			};
			name = Debug;
		};
		29B5B8C328B4816700FD4088 /* Release */ = {
			isa = XCBuildConfiguration;
			buildSettings = {
				ASSETCATALOG_COMPILER_APPICON_NAME = AppIcon;
				ASSETCATALOG_COMPILER_GLOBAL_ACCENT_COLOR_NAME = AccentColor;
				CODE_SIGN_STYLE = Automatic;
				CURRENT_PROJECT_VERSION = 1;
				DEVELOPMENT_ASSET_PATHS = "\"morokoshi_seiko_app/Preview Content\"";
				ENABLE_PREVIEWS = YES;
				GENERATE_INFOPLIST_FILE = YES;
				INFOPLIST_KEY_UIApplicationSceneManifest_Generation = YES;
				INFOPLIST_KEY_UIApplicationSupportsIndirectInputEvents = YES;
				INFOPLIST_KEY_UILaunchScreen_Generation = YES;
				INFOPLIST_KEY_UISupportedInterfaceOrientations_iPad = "UIInterfaceOrientationPortrait UIInterfaceOrientationPortraitUpsideDown UIInterfaceOrientationLandscapeLeft UIInterfaceOrientationLandscapeRight";
				INFOPLIST_KEY_UISupportedInterfaceOrientations_iPhone = "UIInterfaceOrientationPortrait UIInterfaceOrientationLandscapeLeft UIInterfaceOrientationLandscapeRight";
				LD_RUNPATH_SEARCH_PATHS = (
					"$(inherited)",
					"@executable_path/Frameworks",
				);
				MARKETING_VERSION = 1.0;
				PRODUCT_BUNDLE_IDENTIFIER = "com.example.morokoshi-seiko-app";
				PRODUCT_NAME = "$(TARGET_NAME)";
				SWIFT_EMIT_LOC_STRINGS = YES;
				SWIFT_VERSION = 5.0;
				TARGETED_DEVICE_FAMILY = "1,2";
			};
			name = Release;
		};
		29B5B8C528B4816700FD4088 /* Debug */ = {
			isa = XCBuildConfiguration;
			buildSettings = {
				ALWAYS_EMBED_SWIFT_STANDARD_LIBRARIES = YES;
				BUNDLE_LOADER = "$(TEST_HOST)";
				CODE_SIGN_STYLE = Automatic;
				CURRENT_PROJECT_VERSION = 1;
				GENERATE_INFOPLIST_FILE = YES;
				IPHONEOS_DEPLOYMENT_TARGET = 15.4;
				MARKETING_VERSION = 1.0;
				PRODUCT_BUNDLE_IDENTIFIER = "com.example.morokoshi-seiko-appTests";
				PRODUCT_NAME = "$(TARGET_NAME)";
				SWIFT_EMIT_LOC_STRINGS = NO;
				SWIFT_VERSION = 5.0;
				TARGETED_DEVICE_FAMILY = "1,2";
				TEST_HOST = "$(BUILT_PRODUCTS_DIR)/morokoshi_seiko_app.app/morokoshi_seiko_app";
			};
			name = Debug;
		};
		29B5B8C628B4816700FD4088 /* Release */ = {
			isa = XCBuildConfiguration;
			buildSettings = {
				ALWAYS_EMBED_SWIFT_STANDARD_LIBRARIES = YES;
				BUNDLE_LOADER = "$(TEST_HOST)";
				CODE_SIGN_STYLE = Automatic;
				CURRENT_PROJECT_VERSION = 1;
				GENERATE_INFOPLIST_FILE = YES;
				IPHONEOS_DEPLOYMENT_TARGET = 15.4;
				MARKETING_VERSION = 1.0;
				PRODUCT_BUNDLE_IDENTIFIER = "com.example.morokoshi-seiko-appTests";
				PRODUCT_NAME = "$(TARGET_NAME)";
				SWIFT_EMIT_LOC_STRINGS = NO;
				SWIFT_VERSION = 5.0;
				TARGETED_DEVICE_FAMILY = "1,2";
				TEST_HOST = "$(BUILT_PRODUCTS_DIR)/morokoshi_seiko_app.app/morokoshi_seiko_app";
			};
			name = Release;
		};
		29B5B8C828B4816700FD4088 /* Debug */ = {
			isa = XCBuildConfiguration;
			buildSettings = {
				ALWAYS_EMBED_SWIFT_STANDARD_LIBRARIES = YES;
				CODE_SIGN_STYLE = Automatic;
				CURRENT_PROJECT_VERSION = 1;
				GENERATE_INFOPLIST_FILE = YES;
				MARKETING_VERSION = 1.0;
				PRODUCT_BUNDLE_IDENTIFIER = "com.example.morokoshi-seiko-appUITests";
				PRODUCT_NAME = "$(TARGET_NAME)";
				SWIFT_EMIT_LOC_STRINGS = NO;
				SWIFT_VERSION = 5.0;
				TARGETED_DEVICE_FAMILY = "1,2";
				TEST_TARGET_NAME = morokoshi_seiko_app;
			};
			name = Debug;
		};
		29B5B8C928B4816700FD4088 /* Release */ = {
			isa = XCBuildConfiguration;
			buildSettings = {
				ALWAYS_EMBED_SWIFT_STANDARD_LIBRARIES = YES;
				CODE_SIGN_STYLE = Automatic;
				CURRENT_PROJECT_VERSION = 1;
				GENERATE_INFOPLIST_FILE = YES;
				MARKETING_VERSION = 1.0;
				PRODUCT_BUNDLE_IDENTIFIER = "com.example.morokoshi-seiko-appUITests";
				PRODUCT_NAME = "$(TARGET_NAME)";
				SWIFT_EMIT_LOC_STRINGS = NO;
				SWIFT_VERSION = 5.0;
				TARGETED_DEVICE_FAMILY = "1,2";
				TEST_TARGET_NAME = morokoshi_seiko_app;
			};
			name = Release;
		};
/* End XCBuildConfiguration section */

/* Begin XCConfigurationList section */
		29B5B89828B4816400FD4088 /* Build configuration list for PBXProject "morokoshi_seiko_app" */ = {
			isa = XCConfigurationList;
			buildConfigurations = (
				29B5B8BF28B4816700FD4088 /* Debug */,
				29B5B8C028B4816700FD4088 /* Release */,
			);
			defaultConfigurationIsVisible = 0;
			defaultConfigurationName = Release;
		};
		29B5B8C128B4816700FD4088 /* Build configuration list for PBXNativeTarget "morokoshi_seiko_app" */ = {
			isa = XCConfigurationList;
			buildConfigurations = (
				29B5B8C228B4816700FD4088 /* Debug */,
				29B5B8C328B4816700FD4088 /* Release */,
			);
			defaultConfigurationIsVisible = 0;
			defaultConfigurationName = Release;
		};
		29B5B8C428B4816700FD4088 /* Build configuration list for PBXNativeTarget "morokoshi_seiko_appTests" */ = {
			isa = XCConfigurationList;
			buildConfigurations = (
				29B5B8C528B4816700FD4088 /* Debug */,
				29B5B8C628B4816700FD4088 /* Release */,
			);
			defaultConfigurationIsVisible = 0;
			defaultConfigurationName = Release;
		};
		29B5B8C728B4816700FD4088 /* Build configuration list for PBXNativeTarget "morokoshi_seiko_appUITests" */ = {
			isa = XCConfigurationList;
			buildConfigurations = (
				29B5B8C828B4816700FD4088 /* Debug */,
				29B5B8C928B4816700FD4088 /* Release */,
			);
			defaultConfigurationIsVisible = 0;
			defaultConfigurationName = Release;
		};
/* End XCConfigurationList section */
	};
	rootObject = 29B5B89528B4816400FD4088 /* Project object */;
}
